
Microsoft Visual Studio Solution File, Format Version 12.00
# Visual Studio Version 17
VisualStudioVersion = 17.5.33502.453
MinimumVisualStudioVersion = 10.0.40219.1
Project("{FAE04EC0-301F-11D3-BF4B-00C04F79EFBC}") = "AppMeteo.Server", "AppMeteo\Server\AppMeteo.Server.csproj", "{51E78F90-4769-4BF9-AE4C-674A5E478641}"
EndProject
Project("{FAE04EC0-301F-11D3-BF4B-00C04F79EFBC}") = "AppMeteo.Client", "AppMeteo\Client\AppMeteo.Client.csproj", "{B61AE5E4-D325-4F66-844A-68D6E016FA4C}"
EndProject
Project("{FAE04EC0-301F-11D3-BF4B-00C04F79EFBC}") = "AppMeteo.Shared", "AppMeteo\Shared\AppMeteo.Shared.csproj", "{E3A4EF2D-B5F9-469C-968E-CEBC009F2984}"
EndProject
Global
	GlobalSection(SolutionConfigurationPlatforms) = preSolution
		Debug|Any CPU = Debug|Any CPU
		Release|Any CPU = Release|Any CPU
	EndGlobalSection
	GlobalSection(ProjectConfigurationPlatforms) = postSolution
		{51E78F90-4769-4BF9-AE4C-674A5E478641}.Debug|Any CPU.ActiveCfg = Debug|Any CPU
		{51E78F90-4769-4BF9-AE4C-674A5E478641}.Debug|Any CPU.Build.0 = Debug|Any CPU
		{51E78F90-4769-4BF9-AE4C-674A5E478641}.Release|Any CPU.ActiveCfg = Release|Any CPU
		{51E78F90-4769-4BF9-AE4C-674A5E478641}.Release|Any CPU.Build.0 = Release|Any CPU
		{B61AE5E4-D325-4F66-844A-68D6E016FA4C}.Debug|Any CPU.ActiveCfg = Debug|Any CPU
		{B61AE5E4-D325-4F66-844A-68D6E016FA4C}.Debug|Any CPU.Build.0 = Debug|Any CPU
		{B61AE5E4-D325-4F66-844A-68D6E016FA4C}.Release|Any CPU.ActiveCfg = Release|Any CPU
		{B61AE5E4-D325-4F66-844A-68D6E016FA4C}.Release|Any CPU.Build.0 = Release|Any CPU
		{E3A4EF2D-B5F9-469C-968E-CEBC009F2984}.Debug|Any CPU.ActiveCfg = Debug|Any CPU
		{E3A4EF2D-B5F9-469C-968E-CEBC009F2984}.Debug|Any CPU.Build.0 = Debug|Any CPU
		{E3A4EF2D-B5F9-469C-968E-CEBC009F2984}.Release|Any CPU.ActiveCfg = Release|Any CPU
		{E3A4EF2D-B5F9-469C-968E-CEBC009F2984}.Release|Any CPU.Build.0 = Release|Any CPU
	EndGlobalSection
	GlobalSection(SolutionProperties) = preSolution
		HideSolutionNode = FALSE
	EndGlobalSection
	GlobalSection(ExtensibilityGlobals) = postSolution
		SolutionGuid = {1FCE4F7A-E970-42C9-9E4A-5D14CB14A751}
	EndGlobalSection
EndGlobal
